
Microsoft Visual Studio Solution File, Format Version 12.00
# Visual Studio Version 16
VisualStudioVersion = 16.0.29409.12
MinimumVisualStudioVersion = 10.0.40219.1
Project("{8BC9CEB8-8B4A-11D0-8D11-00A0C91BC942}") = "STL_Queue", "STL_Queue.vcxproj", "{ABAD3133-9DEF-4067-A611-9518295E185D}"
EndProject
Global
	GlobalSection(SolutionConfigurationPlatforms) = preSolution
		Debug|x64 = Debug|x64
		Debug|x86 = Debug|x86
		Release|x64 = Release|x64
		Release|x86 = Release|x86
	EndGlobalSection
	GlobalSection(ProjectConfigurationPlatforms) = postSolution
		{ABAD3133-9DEF-4067-A611-9518295E185D}.Debug|x64.ActiveCfg = Debug|x64
		{ABAD3133-9DEF-4067-A611-9518295E185D}.Debug|x64.Build.0 = Debug|x64
		{ABAD3133-9DEF-4067-A611-9518295E185D}.Debug|x86.ActiveCfg = Debug|Win32
		{ABAD3133-9DEF-4067-A611-9518295E185D}.Debug|x86.Build.0 = Debug|Win32
		{ABAD3133-9DEF-4067-A611-9518295E185D}.Release|x64.ActiveCfg = Release|x64
		{ABAD3133-9DEF-4067-A611-9518295E185D}.Release|x64.Build.0 = Release|x64
		{ABAD3133-9DEF-4067-A611-9518295E185D}.Release|x86.ActiveCfg = Release|Win32
		{ABAD3133-9DEF-4067-A611-9518295E185D}.Release|x86.Build.0 = Release|Win32
	EndGlobalSection
	GlobalSection(SolutionProperties) = preSolution
		HideSolutionNode = FALSE
	EndGlobalSection
	GlobalSection(ExtensibilityGlobals) = postSolution
		SolutionGuid = {2A69367A-2E72-4FD4-A328-07075A84939A}
	EndGlobalSection
EndGlobal
